
Microsoft Visual Studio Solution File, Format Version 12.00
# Visual Studio Version 16
VisualStudioVersion = 16.0.30804.86
MinimumVisualStudioVersion = 10.0.40219.1
Project("{FAE04EC0-301F-11D3-BF4B-00C04F79EFBC}") = "WebApplication5", "WebApplication5\WebApplication5.csproj", "{C70B6341-482D-47FF-8DC2-19B68456B529}"
EndProject
Global
	GlobalSection(SolutionConfigurationPlatforms) = preSolution
		Debug|Any CPU = Debug|Any CPU
		Release|Any CPU = Release|Any CPU
	EndGlobalSection
	GlobalSection(ProjectConfigurationPlatforms) = postSolution
		{C70B6341-482D-47FF-8DC2-19B68456B529}.Debug|Any CPU.ActiveCfg = Debug|Any CPU
		{C70B6341-482D-47FF-8DC2-19B68456B529}.Debug|Any CPU.Build.0 = Debug|Any CPU
		{C70B6341-482D-47FF-8DC2-19B68456B529}.Release|Any CPU.ActiveCfg = Release|Any CPU
		{C70B6341-482D-47FF-8DC2-19B68456B529}.Release|Any CPU.Build.0 = Release|Any CPU
	EndGlobalSection
	GlobalSection(SolutionProperties) = preSolution
		HideSolutionNode = FALSE
	EndGlobalSection
	GlobalSection(ExtensibilityGlobals) = postSolution
		SolutionGuid = {8ECA0B63-4A5D-4C0B-85AC-C1534F53D0AD}
	EndGlobalSection
EndGlobal
